
Microsoft Visual Studio Solution File, Format Version 12.00
# Visual Studio Version 17
VisualStudioVersion = 17.8.34330.188
MinimumVisualStudioVersion = 10.0.40219.1
Project("{9A19103F-16F7-4668-BE54-9A1E7A4F7556}") = "Apps.RePurpose", "Apps.RePurpose\Apps.RePurpose.csproj", "{EB25604E-8EBA-464E-BEDF-30EA95395AD3}"
EndProject
Project("{FAE04EC0-301F-11D3-BF4B-00C04F79EFBC}") = "Tests.RePurpose", "Tests.RePurpose\Tests.RePurpose.csproj", "{DD12DA56-A216-4E39-98C8-84DD679A2706}"
EndProject
Global
	GlobalSection(SolutionConfigurationPlatforms) = preSolution
		Debug|Any CPU = Debug|Any CPU
		Release|Any CPU = Release|Any CPU
	EndGlobalSection
	GlobalSection(ProjectConfigurationPlatforms) = postSolution
		{EB25604E-8EBA-464E-BEDF-30EA95395AD3}.Debug|Any CPU.ActiveCfg = Debug|Any CPU
		{EB25604E-8EBA-464E-BEDF-30EA95395AD3}.Debug|Any CPU.Build.0 = Debug|Any CPU
		{EB25604E-8EBA-464E-BEDF-30EA95395AD3}.Release|Any CPU.ActiveCfg = Release|Any CPU
		{EB25604E-8EBA-464E-BEDF-30EA95395AD3}.Release|Any CPU.Build.0 = Release|Any CPU
		{DD12DA56-A216-4E39-98C8-84DD679A2706}.Debug|Any CPU.ActiveCfg = Debug|Any CPU
		{DD12DA56-A216-4E39-98C8-84DD679A2706}.Debug|Any CPU.Build.0 = Debug|Any CPU
		{DD12DA56-A216-4E39-98C8-84DD679A2706}.Release|Any CPU.ActiveCfg = Release|Any CPU
		{DD12DA56-A216-4E39-98C8-84DD679A2706}.Release|Any CPU.Build.0 = Release|Any CPU
	EndGlobalSection
	GlobalSection(SolutionProperties) = preSolution
		HideSolutionNode = FALSE
	EndGlobalSection
	GlobalSection(ExtensibilityGlobals) = postSolution
		SolutionGuid = {2D378FF2-3201-4CA2-AE8C-5CFDC73E048E}
	EndGlobalSection
EndGlobal
